
Microsoft Visual Studio Solution File, Format Version 12.00
# Visual Studio Version 17
VisualStudioVersion = 17.0.32126.317
MinimumVisualStudioVersion = 10.0.40219.1
Project("{FAE04EC0-301F-11D3-BF4B-00C04F79EFBC}") = "Basics_New", "Basics_New\Basics_New.csproj", "{B0861375-8592-4D52-9F88-C8C3658504B3}"
EndProject
Global
	GlobalSection(SolutionConfigurationPlatforms) = preSolution
		Debug|Any CPU = Debug|Any CPU
		Release|Any CPU = Release|Any CPU
	EndGlobalSection
	GlobalSection(ProjectConfigurationPlatforms) = postSolution
		{B0861375-8592-4D52-9F88-C8C3658504B3}.Debug|Any CPU.ActiveCfg = Debug|Any CPU
		{B0861375-8592-4D52-9F88-C8C3658504B3}.Debug|Any CPU.Build.0 = Debug|Any CPU
		{B0861375-8592-4D52-9F88-C8C3658504B3}.Release|Any CPU.ActiveCfg = Release|Any CPU
		{B0861375-8592-4D52-9F88-C8C3658504B3}.Release|Any CPU.Build.0 = Release|Any CPU
	EndGlobalSection
	GlobalSection(SolutionProperties) = preSolution
		HideSolutionNode = FALSE
	EndGlobalSection
	GlobalSection(ExtensibilityGlobals) = postSolution
		SolutionGuid = {A47CDDD1-8995-4B6D-9622-4403B3536FE3}
	EndGlobalSection
EndGlobal
